{
  "name": "workbox-google-analytics",
  "version": "7.3.0",
  "lockfileVersion": 1,
  "requires": true,
  "dependencies": {
    "workbox-background-sync": {
      "version": "5.0.0-alpha.0",
      "requires": {
        "workbox-core": "^5.0.0-alpha.0"
      },
      "dependencies": {
        "workbox-core": {
          "version": "5.0.0-alpha.0",
          "bundled": true
        }
      }
    },
    "workbox-core": {
      "version": "5.0.0-alpha.0"
    },
    "workbox-routing": {
      "version": "5.0.0-alpha.0",
      "requires": {
        "workbox-core": "^5.0.0-alpha.0"
      },
      "dependencies": {
        "workbox-core": {
          "version": "5.0.0-alpha.0",
          "bundled": true
        }
      }
    },
    "workbox-strategies": {
      "version": "5.0.0-alpha.0",
      "requires": {
        "workbox-core": "^5.0.0-alpha.0",
        "workbox-routing": "^5.0.0-alpha.0"
      },
      "dependencies": {
        "workbox-core": {
          "version": "5.0.0-alpha.0",
          "bundled": true
        },
        "workbox-routing": {
          "version": "5.0.0-alpha.0",
          "bundled": true,
          "requires": {
            "workbox-core": "^5.0.0-alpha.0"
          },
          "dependencies": {
            "workbox-core": {
              "version": "5.0.0-alpha.0",
              "bundled": true
            }
          }
        }
      }
    }
  }
}
