{
  "name": "workbox-precaching",
  "version": "3.0.0",
  "lockfileVersion": 1,
  "requires": true,
  "dependencies": {
    "commander": {
      "version": "2.11.0",
      "resolved": "https://registry.npmjs.org/commander/-/commander-2.11.0.tgz",
      "integrity": "sha512-b0553uYA5YAEGgyYIGYROzKQ7X5RAqedkfjiZxwi0kL1g3bOaBNNZfYkzt/CL0umgD5wc9Jec2FbB98CjkMRvQ==",
      "dev": true
    },
    "rollup-plugin-uglify": {
      "version": "2.0.1",
      "resolved": "https://registry.npmjs.org/rollup-plugin-uglify/-/rollup-plugin-uglify-2.0.1.tgz",
      "integrity": "sha1-Z7N60e/a+9g69MNrQMGJ7khmyWk=",
      "dev": true,
      "requires": {
        "uglify-js": "3.1.0"
      }
    },
    "source-map": {
      "version": "0.5.7",
      "resolved": "https://registry.npmjs.org/source-map/-/source-map-0.5.7.tgz",
      "integrity": "sha1-igOdLRAh0i0eoUyA2OpGi6LvP8w=",
      "dev": true
    },
    "uglify-es": {
      "version": "3.1.0",
      "resolved": "https://registry.npmjs.org/uglify-es/-/uglify-es-3.1.0.tgz",
      "integrity": "sha512-368gRJ/ww3e9c8eJLAFM6sco4ndsg7d2MskNusejep0kvd7VCqNj/q/zrDG/1KwS+EWfTxJKTj7UyLN+zz+gyg==",
      "dev": true,
      "requires": {
        "commander": "2.11.0",
        "source-map": "0.5.7"
      }
    },
    "uglify-js": {
      "version": "3.1.0",
      "resolved": "https://registry.npmjs.org/uglify-js/-/uglify-js-3.1.0.tgz",
      "integrity": "sha512-PGUXuTJ5AkrfPsyg0L9/LD+BWYm9feVngbWpW5bg7Q3B7hqDM3xz00tNby4yY0CqjrLTF6CP9wpb/aNITRuSXg==",
      "dev": true,
      "requires": {
        "commander": "2.11.0",
        "source-map": "0.5.7"
      }
    },
    "workbox-core": {
      "version": "3.0.0"
    }
  }
}
