{
  "name": "workbox-streams",
  "version": "7.4.1",
  "lockfileVersion": 3,
  "requires": true,
  "packages": {
    "": {
      "name": "workbox-streams",
      "version": "7.4.1",
      "license": "MIT",
      "dependencies": {
        "workbox-core": "7.4.1",
        "workbox-routing": "7.4.1"
      }
    },
    "node_modules/workbox-core": {
      "version": "7.3.0",
      "resolved": "https://registry.npmjs.org/workbox-core/-/workbox-core-7.3.0.tgz",
      "integrity": "sha512-Z+mYrErfh4t3zi7NVTvOuACB0A/jA3bgxUN3PwtAVHvfEsZxV9Iju580VEETug3zYJRc0Dmii/aixI/Uxj8fmw==",
      "license": "MIT"
    },
    "node_modules/workbox-routing": {
      "version": "7.3.0",
      "resolved": "https://registry.npmjs.org/workbox-routing/-/workbox-routing-7.3.0.tgz",
      "integrity": "sha512-ZUlysUVn5ZUzMOmQN3bqu+gK98vNfgX/gSTZ127izJg/pMMy4LryAthnYtjuqcjkN4HEAx1mdgxNiKJMZQM76A==",
      "license": "MIT",
      "dependencies": {
        "workbox-core": "7.3.0"
      }
    }
  }
}
