{
  "name": "workbox-core",
  "version": "1.2.0",
  "lockfileVersion": 1,
  "requires": true,
  "dependencies": {
    "graceful-readlink": {
      "version": "1.0.1",
      "resolved": "https://registry.npmjs.org/graceful-readlink/-/graceful-readlink-1.0.1.tgz",
      "integrity": "sha1-TK+tdrxi8C+gObL5Tpo906ORpyU=",
      "dev": true
    },
    "rollup-plugin-uglify-es": {
      "version": "0.0.1",
      "resolved": "https://registry.npmjs.org/rollup-plugin-uglify-es/-/rollup-plugin-uglify-es-0.0.1.tgz",
      "integrity": "sha1-5FZE8raFpZq9uTY0ByB6A6e1qbc=",
      "dev": true,
      "requires": {
        "uglify-es": "3.0.3"
      },
      "dependencies": {
        "commander": {
          "version": "2.9.0",
          "resolved": "https://registry.npmjs.org/commander/-/commander-2.9.0.tgz",
          "integrity": "sha1-nJkJQXbhIkDLItbFFGCYQA/g99Q=",
          "dev": true,
          "requires": {
            "graceful-readlink": "1.0.1"
          }
        },
        "uglify-es": {
          "version": "3.0.3",
          "resolved": "https://registry.npmjs.org/uglify-es/-/uglify-es-3.0.3.tgz",
          "integrity": "sha1-Y8yEqpRos0lzpIh3h8ZMAaiodXY=",
          "dev": true,
          "requires": {
            "commander": "2.9.0",
            "source-map": "0.5.6",
            "uglify-to-browserify": "1.0.2"
          }
        }
      }
    },
    "source-map": {
      "version": "0.5.6",
      "resolved": "https://registry.npmjs.org/source-map/-/source-map-0.5.6.tgz",
      "integrity": "sha1-dc449SvwczxafwwRjYEzSiu19BI=",
      "dev": true
    },
    "uglify-to-browserify": {
      "version": "1.0.2",
      "resolved": "https://registry.npmjs.org/uglify-to-browserify/-/uglify-to-browserify-1.0.2.tgz",
      "integrity": "sha1-bgkk1r2mta/jSeOabWMoUKD4grc=",
      "dev": true,
      "optional": true
    }
  }
}
