{
  "name": "workbox-webpack-plugin",
  "version": "3.6.2",
  "lockfileVersion": 1,
  "requires": true,
  "dependencies": {
    "@babel/runtime": {
      "version": "7.1.2",
      "resolved": "https://registry.npmjs.org/@babel/runtime/-/runtime-7.1.2.tgz",
      "integrity": "sha512-Y3SCjmhSupzFB6wcv1KmmFucH6gDVnI30WjOcicV10ju0cZjak3Jcs67YLIXBrmZYw1xCrVeJPbycFwrqNyxpg==",
      "requires": {
        "regenerator-runtime": "^0.12.0"
      },
      "dependencies": {
        "regenerator-runtime": {
          "version": "0.12.1",
          "resolved": "https://registry.npmjs.org/regenerator-runtime/-/regenerator-runtime-0.12.1.tgz",
          "integrity": "sha512-odxIc1/vDlo4iZcfXqRYFj0vpXFNoGdKMAUieAlFYO6m/nl5e9KR/beGf41z4a1FI+aQgtjhuaSlDxQ0hmkrHg=="
        }
      }
    },
    "json-stable-stringify": {
      "version": "1.0.1",
      "resolved": "https://registry.npmjs.org/json-stable-stringify/-/json-stable-stringify-1.0.1.tgz",
      "integrity": "sha1-mnWdOcXy/1A/1TAGRu1EX4jE+a8=",
      "requires": {
        "jsonify": "~0.0.0"
      }
    },
    "jsonify": {
      "version": "0.0.0",
      "resolved": "https://registry.npmjs.org/jsonify/-/jsonify-0.0.0.tgz",
      "integrity": "sha1-LHS27kHZPKUbe1qu6PUDYx0lKnM="
    },
    "workbox-build": {
      "version": "3.6.2",
      "requires": {
        "@babel/runtime": "^7.0.0",
        "common-tags": "^1.4.0",
        "fs-extra": "^4.0.2",
        "glob": "^7.1.2",
        "joi": "^11.1.1",
        "lodash.template": "^4.4.0",
        "pretty-bytes": "^4.0.2",
        "stringify-object": "^3.2.2",
        "strip-comments": "^1.0.2",
        "workbox-background-sync": "^3.6.2",
        "workbox-broadcast-cache-update": "^3.6.2",
        "workbox-cache-expiration": "^3.6.2",
        "workbox-cacheable-response": "^3.6.2",
        "workbox-core": "^3.6.2",
        "workbox-google-analytics": "^3.6.2",
        "workbox-navigation-preload": "^3.6.2",
        "workbox-precaching": "^3.6.2",
        "workbox-range-requests": "^3.6.2",
        "workbox-routing": "^3.6.2",
        "workbox-strategies": "^3.6.2",
        "workbox-streams": "^3.6.2",
        "workbox-sw": "^3.6.2"
      },
      "dependencies": {
        "@babel/runtime": {
          "version": "7.0.0",
          "bundled": true,
          "requires": {
            "regenerator-runtime": "^0.12.0"
          },
          "dependencies": {
            "regenerator-runtime": {
              "version": "0.12.1",
              "bundled": true
            }
          }
        },
        "babel-extract-comments": {
          "version": "1.0.0",
          "bundled": true,
          "requires": {
            "babylon": "^6.18.0"
          }
        },
        "babel-plugin-syntax-object-rest-spread": {
          "version": "6.13.0",
          "bundled": true
        },
        "babel-plugin-transform-object-rest-spread": {
          "version": "6.26.0",
          "bundled": true,
          "requires": {
            "babel-plugin-syntax-object-rest-spread": "^6.8.0",
            "babel-runtime": "^6.26.0"
          }
        },
        "babel-runtime": {
          "version": "6.26.0",
          "bundled": true,
          "requires": {
            "core-js": "^2.4.0",
            "regenerator-runtime": "^0.11.0"
          }
        },
        "babylon": {
          "version": "6.18.0",
          "bundled": true
        },
        "balanced-match": {
          "version": "1.0.0",
          "bundled": true
        },
        "brace-expansion": {
          "version": "1.1.11",
          "bundled": true,
          "requires": {
            "balanced-match": "^1.0.0",
            "concat-map": "0.0.1"
          }
        },
        "common-tags": {
          "version": "1.8.0",
          "bundled": true
        },
        "concat-map": {
          "version": "0.0.1",
          "bundled": true
        },
        "core-js": {
          "version": "2.5.7",
          "bundled": true
        },
        "fs-extra": {
          "version": "4.0.3",
          "bundled": true,
          "requires": {
            "graceful-fs": "^4.1.2",
            "jsonfile": "^4.0.0",
            "universalify": "^0.1.0"
          }
        },
        "fs.realpath": {
          "version": "1.0.0",
          "bundled": true
        },
        "get-own-enumerable-property-symbols": {
          "version": "2.0.1",
          "bundled": true
        },
        "glob": {
          "version": "7.1.3",
          "bundled": true,
          "requires": {
            "fs.realpath": "^1.0.0",
            "inflight": "^1.0.4",
            "inherits": "2",
            "minimatch": "^3.0.4",
            "once": "^1.3.0",
            "path-is-absolute": "^1.0.0"
          }
        },
        "graceful-fs": {
          "version": "4.1.11",
          "bundled": true
        },
        "hoek": {
          "version": "4.2.1",
          "bundled": true
        },
        "inflight": {
          "version": "1.0.6",
          "bundled": true,
          "requires": {
            "once": "^1.3.0",
            "wrappy": "1"
          }
        },
        "inherits": {
          "version": "2.0.3",
          "bundled": true
        },
        "is-obj": {
          "version": "1.0.1",
          "bundled": true
        },
        "is-regexp": {
          "version": "1.0.0",
          "bundled": true
        },
        "isemail": {
          "version": "3.1.3",
          "bundled": true,
          "requires": {
            "punycode": "2.x.x"
          }
        },
        "joi": {
          "version": "11.4.0",
          "bundled": true,
          "requires": {
            "hoek": "4.x.x",
            "isemail": "3.x.x",
            "topo": "2.x.x"
          }
        },
        "jsonfile": {
          "version": "4.0.0",
          "bundled": true,
          "requires": {
            "graceful-fs": "^4.1.6"
          }
        },
        "lodash._reinterpolate": {
          "version": "3.0.0",
          "bundled": true
        },
        "lodash.template": {
          "version": "4.4.0",
          "bundled": true,
          "requires": {
            "lodash._reinterpolate": "~3.0.0",
            "lodash.templatesettings": "^4.0.0"
          }
        },
        "lodash.templatesettings": {
          "version": "4.1.0",
          "bundled": true,
          "requires": {
            "lodash._reinterpolate": "~3.0.0"
          }
        },
        "minimatch": {
          "version": "3.0.4",
          "bundled": true,
          "requires": {
            "brace-expansion": "^1.1.7"
          }
        },
        "once": {
          "version": "1.4.0",
          "bundled": true,
          "requires": {
            "wrappy": "1"
          }
        },
        "path-is-absolute": {
          "version": "1.0.1",
          "bundled": true
        },
        "pretty-bytes": {
          "version": "4.0.2",
          "bundled": true
        },
        "punycode": {
          "version": "2.1.1",
          "bundled": true
        },
        "regenerator-runtime": {
          "version": "0.11.1",
          "bundled": true
        },
        "stringify-object": {
          "version": "3.2.2",
          "bundled": true,
          "requires": {
            "get-own-enumerable-property-symbols": "^2.0.1",
            "is-obj": "^1.0.1",
            "is-regexp": "^1.0.0"
          }
        },
        "strip-comments": {
          "version": "1.0.2",
          "bundled": true,
          "requires": {
            "babel-extract-comments": "^1.0.0",
            "babel-plugin-transform-object-rest-spread": "^6.26.0"
          }
        },
        "topo": {
          "version": "2.0.2",
          "bundled": true,
          "requires": {
            "hoek": "4.x.x"
          }
        },
        "universalify": {
          "version": "0.1.2",
          "bundled": true
        },
        "workbox-background-sync": {
          "version": "3.6.2",
          "bundled": true,
          "requires": {
            "workbox-core": "^3.6.2"
          },
          "dependencies": {
            "workbox-core": {
              "version": "3.6.2",
              "bundled": true
            }
          }
        },
        "workbox-broadcast-cache-update": {
          "version": "3.6.2",
          "bundled": true,
          "requires": {
            "workbox-core": "^3.6.2"
          },
          "dependencies": {
            "workbox-core": {
              "version": "3.6.2",
              "bundled": true
            }
          }
        },
        "workbox-cache-expiration": {
          "version": "3.6.2",
          "bundled": true,
          "requires": {
            "workbox-core": "^3.6.2"
          },
          "dependencies": {
            "workbox-core": {
              "version": "3.6.2",
              "bundled": true
            }
          }
        },
        "workbox-cacheable-response": {
          "version": "3.6.2",
          "bundled": true,
          "requires": {
            "workbox-core": "^3.6.2"
          },
          "dependencies": {
            "workbox-core": {
              "version": "3.6.2",
              "bundled": true
            }
          }
        },
        "workbox-core": {
          "version": "3.6.2",
          "bundled": true
        },
        "workbox-google-analytics": {
          "version": "3.6.2",
          "bundled": true,
          "requires": {
            "workbox-background-sync": "^3.6.2",
            "workbox-core": "^3.6.2",
            "workbox-routing": "^3.6.2",
            "workbox-strategies": "^3.6.2"
          },
          "dependencies": {
            "workbox-background-sync": {
              "version": "3.6.2",
              "bundled": true,
              "requires": {
                "workbox-core": "^3.6.2"
              },
              "dependencies": {
                "workbox-core": {
                  "version": "3.6.2",
                  "bundled": true
                }
              }
            },
            "workbox-core": {
              "version": "3.6.2",
              "bundled": true
            },
            "workbox-routing": {
              "version": "3.6.2",
              "bundled": true,
              "requires": {
                "workbox-core": "^3.6.2"
              },
              "dependencies": {
                "@arr/every": {
                  "version": "1.0.0",
                  "bundled": true
                },
                "@arr/filter": {
                  "version": "1.0.0",
                  "bundled": true
                },
                "matchit": {
                  "version": "1.0.0",
                  "bundled": true,
                  "requires": {
                    "@arr/every": "^1.0.0",
                    "@arr/filter": "^1.0.0"
                  }
                },
                "workbox-core": {
                  "version": "3.6.2",
                  "bundled": true
                }
              }
            },
            "workbox-strategies": {
              "version": "3.6.2",
              "bundled": true,
              "requires": {
                "workbox-core": "^3.6.2"
              },
              "dependencies": {
                "workbox-cache-expiration": {
                  "bundled": true,
                  "requires": {
                    "workbox-core": "^3.6.2"
                  },
                  "dependencies": {
                    "workbox-core": {
                      "version": "3.6.2",
                      "bundled": true
                    }
                  }
                },
                "workbox-cacheable-response": {
                  "bundled": true,
                  "requires": {
                    "workbox-core": "^3.6.2"
                  },
                  "dependencies": {
                    "workbox-core": {
                      "version": "3.6.2",
                      "bundled": true
                    }
                  }
                },
                "workbox-core": {
                  "version": "3.6.2",
                  "bundled": true
                }
              }
            }
          }
        },
        "workbox-navigation-preload": {
          "version": "3.6.2",
          "bundled": true,
          "requires": {
            "workbox-core": "^3.6.2"
          },
          "dependencies": {
            "workbox-core": {
              "version": "3.6.2",
              "bundled": true
            }
          }
        },
        "workbox-precaching": {
          "version": "3.6.2",
          "bundled": true,
          "requires": {
            "workbox-core": "^3.6.2"
          },
          "dependencies": {
            "workbox-core": {
              "version": "3.6.2",
              "bundled": true
            },
            "workbox-routing": {
              "bundled": true,
              "requires": {
                "workbox-core": "^3.6.2"
              },
              "dependencies": {
                "@arr/every": {
                  "version": "1.0.0",
                  "bundled": true
                },
                "@arr/filter": {
                  "version": "1.0.0",
                  "bundled": true
                },
                "matchit": {
                  "version": "1.0.0",
                  "bundled": true,
                  "requires": {
                    "@arr/every": "^1.0.0",
                    "@arr/filter": "^1.0.0"
                  }
                },
                "workbox-core": {
                  "version": "3.6.2",
                  "bundled": true
                }
              }
            }
          }
        },
        "workbox-range-requests": {
          "version": "3.6.2",
          "bundled": true,
          "requires": {
            "workbox-core": "^3.6.2"
          },
          "dependencies": {
            "workbox-core": {
              "version": "3.6.2",
              "bundled": true
            }
          }
        },
        "workbox-routing": {
          "version": "3.6.2",
          "bundled": true,
          "requires": {
            "workbox-core": "^3.6.2"
          },
          "dependencies": {
            "@arr/every": {
              "version": "1.0.0",
              "bundled": true
            },
            "@arr/filter": {
              "version": "1.0.0",
              "bundled": true
            },
            "matchit": {
              "version": "1.0.0",
              "bundled": true,
              "requires": {
                "@arr/every": "^1.0.0",
                "@arr/filter": "^1.0.0"
              }
            },
            "workbox-core": {
              "version": "3.6.2",
              "bundled": true
            }
          }
        },
        "workbox-strategies": {
          "version": "3.6.2",
          "bundled": true,
          "requires": {
            "workbox-core": "^3.6.2"
          },
          "dependencies": {
            "workbox-cache-expiration": {
              "bundled": true,
              "requires": {
                "workbox-core": "^3.6.2"
              },
              "dependencies": {}
            },
            "workbox-cacheable-response": {
              "bundled": true,
              "requires": {
                "workbox-core": "^3.6.2"
              },
              "dependencies": {}
            },
            "workbox-core": {
              "version": "3.6.2",
              "bundled": true
            }
          }
        },
        "workbox-streams": {
          "version": "3.6.2",
          "bundled": true,
          "requires": {
            "workbox-core": "^3.6.2"
          },
          "dependencies": {
            "workbox-core": {
              "version": "3.6.2",
              "bundled": true
            }
          }
        },
        "workbox-sw": {
          "version": "3.6.2",
          "bundled": true,
          "dependencies": {
            "workbox-broadcast-cache-update": {
              "bundled": true,
              "requires": {
                "workbox-core": "^3.6.2"
              },
              "dependencies": {
                "workbox-core": {
                  "version": "3.6.2",
                  "bundled": true
                }
              }
            },
            "workbox-cache-expiration": {
              "bundled": true,
              "requires": {
                "workbox-core": "^3.6.2"
              },
              "dependencies": {
                "workbox-core": {
                  "version": "3.6.2",
                  "bundled": true
                }
              }
            },
            "workbox-cacheable-response": {
              "bundled": true,
              "requires": {
                "workbox-core": "^3.6.2"
              },
              "dependencies": {
                "workbox-core": {
                  "version": "3.6.2",
                  "bundled": true
                }
              }
            },
            "workbox-precaching": {
              "bundled": true,
              "requires": {
                "workbox-core": "^3.6.2"
              },
              "dependencies": {
                "workbox-core": {
                  "version": "3.6.2",
                  "bundled": true
                },
                "workbox-routing": {
                  "bundled": true,
                  "requires": {
                    "workbox-core": "^3.6.2"
                  },
                  "dependencies": {}
                }
              }
            },
            "workbox-routing": {
              "bundled": true,
              "requires": {
                "workbox-core": "^3.6.2"
              },
              "dependencies": {
                "@arr/every": {
                  "version": "1.0.0",
                  "bundled": true
                },
                "@arr/filter": {
                  "version": "1.0.0",
                  "bundled": true
                },
                "matchit": {
                  "version": "1.0.0",
                  "bundled": true,
                  "requires": {
                    "@arr/every": "^1.0.0",
                    "@arr/filter": "^1.0.0"
                  }
                },
                "workbox-core": {
                  "version": "3.6.2",
                  "bundled": true
                }
              }
            }
          }
        },
        "wrappy": {
          "version": "1.0.2",
          "bundled": true
        }
      }
    }
  }
}
