{
	"name": "workbox-webpack-plugin",
	"version": "3.6.1",
	"lockfileVersion": 1,
	"requires": true,
	"dependencies": {
		"babel-runtime": {
			"version": "6.26.0",
			"resolved": "https://registry.npmjs.org/babel-runtime/-/babel-runtime-6.26.0.tgz",
			"integrity": "sha1-llxwWGaOgrVde/4E/yM3vItWR/4=",
			"requires": {
				"core-js": "^2.4.0",
				"regenerator-runtime": "^0.11.0"
			}
		},
		"core-js": {
			"version": "2.5.7",
			"resolved": "https://registry.npmjs.org/core-js/-/core-js-2.5.7.tgz",
			"integrity": "sha512-RszJCAxg/PP6uzXVXL6BsxSXx/B05oJAQ2vkJRjyjrEcNVycaqOmNb5OTxZPE3xa5gwZduqza6L9JOCenh/Ecw=="
		},
		"json-stable-stringify": {
			"version": "1.0.1",
			"resolved": "https://registry.npmjs.org/json-stable-stringify/-/json-stable-stringify-1.0.1.tgz",
			"integrity": "sha1-mnWdOcXy/1A/1TAGRu1EX4jE+a8=",
			"requires": {
				"jsonify": "~0.0.0"
			}
		},
		"jsonify": {
			"version": "0.0.0",
			"resolved": "https://registry.npmjs.org/jsonify/-/jsonify-0.0.0.tgz",
			"integrity": "sha1-LHS27kHZPKUbe1qu6PUDYx0lKnM="
		},
		"regenerator-runtime": {
			"version": "0.11.1",
			"resolved": "https://registry.npmjs.org/regenerator-runtime/-/regenerator-runtime-0.11.1.tgz",
			"integrity": "sha512-MguG95oij0fC3QV3URf4V2SDYGJhJnJGqvIIgdECeODCT98wSWDAJ94SSuVpYQUoTcGUIL6L4yNB7j1DFFHSBg=="
		}
	}
}
