{
  "name": "workbox-recipes",
  "version": "7.3.0",
  "lockfileVersion": 1,
  "requires": true,
  "dependencies": {
    "workbox-cacheable-response": {
      "version": "6.0.0-alpha.3",
      "resolved": "https://registry.npmjs.org/workbox-cacheable-response/-/workbox-cacheable-response-6.0.0-alpha.3.tgz",
      "integrity": "sha512-//+oWrct/6om7t/EHzdKtwKLUlJanmXIvP/voFscf8Gd5wdpk8NN2bY8dLHE1PKmjylz/9Wd4L7354v2NVZPoQ==",
      "requires": {
        "workbox-core": "^6.0.0-alpha.3"
      }
    },
    "workbox-core": {
      "version": "6.0.0-alpha.3",
      "resolved": "https://registry.npmjs.org/workbox-core/-/workbox-core-6.0.0-alpha.3.tgz",
      "integrity": "sha512-UPSDEAvxTQtZR2CS4XpZOjpND2HHCpxS1QEHqqYd6m6hpi5qo5sAoJ7cWR05uPSwlY+1+TrQXr3PMqMwlPacqA=="
    },
    "workbox-expiration": {
      "version": "6.0.0-alpha.3",
      "resolved": "https://registry.npmjs.org/workbox-expiration/-/workbox-expiration-6.0.0-alpha.3.tgz",
      "integrity": "sha512-MIVvZnDal9FBNd98yPD6Z3+T4ZfwsgvV4ET4HrSi7oZo8staieu2MEgdjSmZGUoqF0T95LN03+gpcfuoF3UsRQ==",
      "requires": {
        "workbox-core": "^6.0.0-alpha.3"
      }
    },
    "workbox-precaching": {
      "version": "6.0.0-alpha.3",
      "resolved": "https://registry.npmjs.org/workbox-precaching/-/workbox-precaching-6.0.0-alpha.3.tgz",
      "integrity": "sha512-DL3eHvgqT9gbBviFYqf0Sg3IxANQCfs1iHFaIBJwybzaLlIMqooB9GsEwMuHYqq07+cMHks8ZvBq7FfVdTYMSA==",
      "requires": {
        "workbox-core": "^6.0.0-alpha.3",
        "workbox-routing": "^6.0.0-alpha.3",
        "workbox-strategies": "^6.0.0-alpha.3"
      }
    },
    "workbox-routing": {
      "version": "6.0.0-alpha.3",
      "resolved": "https://registry.npmjs.org/workbox-routing/-/workbox-routing-6.0.0-alpha.3.tgz",
      "integrity": "sha512-TvaHZHlHzstxqIDSuSRf2zMOaNhV43YFOy+7+8WqggHXYtPEiwvViVIptOr6AiKFCEVjMQDZ+sgul5kKOihYww==",
      "requires": {
        "workbox-core": "^6.0.0-alpha.3"
      }
    },
    "workbox-strategies": {
      "version": "6.0.0-alpha.3",
      "resolved": "https://registry.npmjs.org/workbox-strategies/-/workbox-strategies-6.0.0-alpha.3.tgz",
      "integrity": "sha512-+euOralX8KnJewFY+ZFCdgvugCkCc9F91aEdRkAS+wvHL8I2IZDVyyYLlA6o+kzcI8G9jscBqIFCI3Wmt9ndeg==",
      "requires": {
        "workbox-core": "^6.0.0-alpha.3"
      }
    }
  }
}
