{
  "name": "workbox-recipes",
  "version": "7.4.1",
  "lockfileVersion": 3,
  "requires": true,
  "packages": {
    "": {
      "name": "workbox-recipes",
      "version": "7.4.1",
      "license": "MIT",
      "dependencies": {
        "workbox-cacheable-response": "7.4.1",
        "workbox-core": "7.4.1",
        "workbox-expiration": "7.4.1",
        "workbox-precaching": "7.4.1",
        "workbox-routing": "7.4.1",
        "workbox-strategies": "7.4.1"
      }
    },
    "node_modules/idb": {
      "version": "7.1.1",
      "resolved": "https://registry.npmjs.org/idb/-/idb-7.1.1.tgz",
      "integrity": "sha512-gchesWBzyvGHRO9W8tzUWFDycow5gwjvFKfyV9FF32Y7F50yZMp7mP+T2mJIWFx49zicqyC4uefHM17o6xKIVQ==",
      "license": "ISC"
    },
    "node_modules/workbox-cacheable-response": {
      "version": "7.4.1",
      "resolved": "https://registry.npmjs.org/workbox-cacheable-response/-/workbox-cacheable-response-7.4.1.tgz",
      "integrity": "sha512-8xaFoJdDc2OjrlbbL3gEeBO1WKcMwRqwLRupgqahYXu75yXajPLuwrbXMrIGZuWYXrQwk0xDjOxZ/ujCy/oJYw==",
      "dependencies": {
        "workbox-core": "7.4.1"
      }
    },
    "node_modules/workbox-core": {
      "version": "7.4.1",
      "resolved": "https://registry.npmjs.org/workbox-core/-/workbox-core-7.4.1.tgz",
      "integrity": "sha512-DT+vu46eh/2vRsSHTY4Xmc32Z1rr9PRlQUXr1Dx30ZuXRWwOsvZgGgcwxcasubQLQmbTNYZjv44LkBAQ4tT5tQ=="
    },
    "node_modules/workbox-expiration": {
      "version": "7.4.1",
      "resolved": "https://registry.npmjs.org/workbox-expiration/-/workbox-expiration-7.4.1.tgz",
      "integrity": "sha512-lRKUF7b+OGbeXkQk1s6MHXOa3d7Xxf7Of31W6c6hCfipfIyrtdWZ89stq21AHZMaoG7VNFoHply4Ox+rU31TWg==",
      "dependencies": {
        "idb": "^7.0.1",
        "workbox-core": "7.4.1"
      }
    },
    "node_modules/workbox-precaching": {
      "version": "7.4.1",
      "resolved": "https://registry.npmjs.org/workbox-precaching/-/workbox-precaching-7.4.1.tgz",
      "integrity": "sha512-cdr/9qByww7yzEp7zg/qI4ukUrrNjQLgN+ONQRpjy/VqGQXwkgHwr00KksGJK8v0VifwDXBb8a4cWNZH71jn3Q==",
      "dependencies": {
        "workbox-core": "7.4.1",
        "workbox-routing": "7.4.1",
        "workbox-strategies": "7.4.1"
      }
    },
    "node_modules/workbox-routing": {
      "version": "7.4.1",
      "resolved": "https://registry.npmjs.org/workbox-routing/-/workbox-routing-7.4.1.tgz",
      "integrity": "sha512-yubJGErZOusuidAenaL5ypfhQOa7urxP/f8E0ws7FPb4039RiWXUWBAyUkmUoOL/BcQGen3h0J8872d51IYxtA==",
      "dependencies": {
        "workbox-core": "7.4.1"
      }
    },
    "node_modules/workbox-strategies": {
      "version": "7.4.1",
      "resolved": "https://registry.npmjs.org/workbox-strategies/-/workbox-strategies-7.4.1.tgz",
      "integrity": "sha512-GZxpaw9NbmOelj7667uZ2kpk5BFpOGbO4X0qjwh5ls8XQ8C+Lha5LQchTiUzsTFSS+NlUpftYAyOVXvQUrcqOQ==",
      "dependencies": {
        "workbox-core": "7.4.1"
      }
    }
  }
}
