{
  "name": "workbox-recipes",
  "version": "7.4.0",
  "lockfileVersion": 3,
  "requires": true,
  "packages": {
    "": {
      "name": "workbox-recipes",
      "version": "7.4.0",
      "license": "MIT",
      "dependencies": {
        "workbox-cacheable-response": "7.4.0",
        "workbox-core": "7.4.0",
        "workbox-expiration": "7.4.0",
        "workbox-precaching": "7.4.0",
        "workbox-routing": "7.4.0",
        "workbox-strategies": "7.4.0"
      }
    },
    "node_modules/idb": {
      "version": "7.1.1",
      "resolved": "https://registry.npmjs.org/idb/-/idb-7.1.1.tgz",
      "integrity": "sha512-gchesWBzyvGHRO9W8tzUWFDycow5gwjvFKfyV9FF32Y7F50yZMp7mP+T2mJIWFx49zicqyC4uefHM17o6xKIVQ==",
      "license": "ISC"
    },
    "node_modules/workbox-cacheable-response": {
      "version": "7.3.0",
      "resolved": "https://registry.npmjs.org/workbox-cacheable-response/-/workbox-cacheable-response-7.3.0.tgz",
      "integrity": "sha512-eAFERIg6J2LuyELhLlmeRcJFa5e16Mj8kL2yCDbhWE+HUun9skRQrGIFVUagqWj4DMaaPSMWfAolM7XZZxNmxA==",
      "license": "MIT",
      "dependencies": {
        "workbox-core": "7.3.0"
      }
    },
    "node_modules/workbox-core": {
      "version": "7.3.0",
      "resolved": "https://registry.npmjs.org/workbox-core/-/workbox-core-7.3.0.tgz",
      "integrity": "sha512-Z+mYrErfh4t3zi7NVTvOuACB0A/jA3bgxUN3PwtAVHvfEsZxV9Iju580VEETug3zYJRc0Dmii/aixI/Uxj8fmw==",
      "license": "MIT"
    },
    "node_modules/workbox-expiration": {
      "version": "7.3.0",
      "resolved": "https://registry.npmjs.org/workbox-expiration/-/workbox-expiration-7.3.0.tgz",
      "integrity": "sha512-lpnSSLp2BM+K6bgFCWc5bS1LR5pAwDWbcKt1iL87/eTSJRdLdAwGQznZE+1czLgn/X05YChsrEegTNxjM067vQ==",
      "license": "MIT",
      "dependencies": {
        "idb": "^7.0.1",
        "workbox-core": "7.3.0"
      }
    },
    "node_modules/workbox-precaching": {
      "version": "7.3.0",
      "resolved": "https://registry.npmjs.org/workbox-precaching/-/workbox-precaching-7.3.0.tgz",
      "integrity": "sha512-ckp/3t0msgXclVAYaNndAGeAoWQUv7Rwc4fdhWL69CCAb2UHo3Cef0KIUctqfQj1p8h6aGyz3w8Cy3Ihq9OmIw==",
      "license": "MIT",
      "dependencies": {
        "workbox-core": "7.3.0",
        "workbox-routing": "7.3.0",
        "workbox-strategies": "7.3.0"
      }
    },
    "node_modules/workbox-routing": {
      "version": "7.3.0",
      "resolved": "https://registry.npmjs.org/workbox-routing/-/workbox-routing-7.3.0.tgz",
      "integrity": "sha512-ZUlysUVn5ZUzMOmQN3bqu+gK98vNfgX/gSTZ127izJg/pMMy4LryAthnYtjuqcjkN4HEAx1mdgxNiKJMZQM76A==",
      "license": "MIT",
      "dependencies": {
        "workbox-core": "7.3.0"
      }
    },
    "node_modules/workbox-strategies": {
      "version": "7.3.0",
      "resolved": "https://registry.npmjs.org/workbox-strategies/-/workbox-strategies-7.3.0.tgz",
      "integrity": "sha512-tmZydug+qzDFATwX7QiEL5Hdf7FrkhjaF9db1CbB39sDmEZJg3l9ayDvPxy8Y18C3Y66Nrr9kkN1f/RlkDgllg==",
      "license": "MIT",
      "dependencies": {
        "workbox-core": "7.3.0"
      }
    }
  }
}
