{
  "name": "workbox-background-sync",
  "version": "7.3.0",
  "lockfileVersion": 2,
  "requires": true,
  "packages": {
    "": {
      "name": "workbox-background-sync",
      "version": "7.3.0",
      "license": "MIT",
      "dependencies": {
        "idb": "^7.0.1"
      }
    },
    "node_modules/idb": {
      "version": "7.0.2",
      "resolved": "https://registry.npmjs.org/idb/-/idb-7.0.2.tgz",
      "integrity": "sha512-jjKrT1EnyZewQ/gCBb/eyiYrhGzws2FeY92Yx8qT9S9GeQAmo4JFVIiWRIfKW/6Ob9A+UDAOW9j9jn58fy2HIg=="
    }
  },
  "dependencies": {
    "idb": {
      "version": "7.0.2",
      "resolved": "https://registry.npmjs.org/idb/-/idb-7.0.2.tgz",
      "integrity": "sha512-jjKrT1EnyZewQ/gCBb/eyiYrhGzws2FeY92Yx8qT9S9GeQAmo4JFVIiWRIfKW/6Ob9A+UDAOW9j9jn58fy2HIg=="
    }
  }
}
