{
  "name": "workbox-window",
  "version": "6.2.0-alpha.0",
  "lockfileVersion": 1,
  "requires": true,
  "dependencies": {
    "@types/trusted-types": {
      "version": "2.0.1",
      "resolved": "https://registry.npmjs.org/@types/trusted-types/-/trusted-types-2.0.1.tgz",
      "integrity": "sha512-TmhE+/eI8PP7EwT9EbK8i74F1ryNn0LToCyEaLpN+X+A3LS1j4CpsCk9Jwq6Y2Uu7w9wdrKl6bujdj5LSsDKKA==",
      "dev": true
    }
  }
}
