{
  "name": "workbox-expiration",
  "version": "7.3.0",
  "lockfileVersion": 2,
  "requires": true,
  "packages": {
    "": {
      "name": "workbox-expiration",
      "version": "7.3.0",
      "license": "MIT",
      "dependencies": {
        "idb": "^7.0.1",
        "workbox-core": "7.3.0"
      }
    },
    "node_modules/idb": {
      "version": "7.0.2",
      "resolved": "https://registry.npmjs.org/idb/-/idb-7.0.2.tgz",
      "integrity": "sha512-jjKrT1EnyZewQ/gCBb/eyiYrhGzws2FeY92Yx8qT9S9GeQAmo4JFVIiWRIfKW/6Ob9A+UDAOW9j9jn58fy2HIg=="
    },
    "node_modules/workbox-core": {
      "version": "7.3.0",
      "resolved": "https://registry.npmjs.org/workbox-core/-/workbox-core-7.3.0.tgz",
      "integrity": "sha512-Z+mYrErfh4t3zi7NVTvOuACB0A/jA3bgxUN3PwtAVHvfEsZxV9Iju580VEETug3zYJRc0Dmii/aixI/Uxj8fmw==",
      "license": "MIT"
    }
  },
  "dependencies": {
    "idb": {
      "version": "7.0.2",
      "resolved": "https://registry.npmjs.org/idb/-/idb-7.0.2.tgz",
      "integrity": "sha512-jjKrT1EnyZewQ/gCBb/eyiYrhGzws2FeY92Yx8qT9S9GeQAmo4JFVIiWRIfKW/6Ob9A+UDAOW9j9jn58fy2HIg=="
    },
    "workbox-core": {
      "version": "7.3.0",
      "resolved": "https://registry.npmjs.org/workbox-core/-/workbox-core-7.3.0.tgz",
      "integrity": "sha512-Z+mYrErfh4t3zi7NVTvOuACB0A/jA3bgxUN3PwtAVHvfEsZxV9Iju580VEETug3zYJRc0Dmii/aixI/Uxj8fmw=="
    }
  }
}
