{
  "name": "workbox-routing",
  "version": "7.4.1",
  "lockfileVersion": 3,
  "requires": true,
  "packages": {
    "": {
      "name": "workbox-routing",
      "version": "7.4.1",
      "license": "MIT",
      "dependencies": {
        "workbox-core": "7.4.1"
      }
    },
    "node_modules/workbox-core": {
      "version": "7.4.1",
      "resolved": "https://registry.npmjs.org/workbox-core/-/workbox-core-7.4.1.tgz",
      "integrity": "sha512-DT+vu46eh/2vRsSHTY4Xmc32Z1rr9PRlQUXr1Dx30ZuXRWwOsvZgGgcwxcasubQLQmbTNYZjv44LkBAQ4tT5tQ=="
    }
  }
}
