{
  "name": "workbox-routing",
  "version": "7.4.0",
  "lockfileVersion": 3,
  "requires": true,
  "packages": {
    "": {
      "name": "workbox-routing",
      "version": "7.4.0",
      "license": "MIT",
      "dependencies": {
        "workbox-core": "7.4.0"
      }
    },
    "node_modules/workbox-core": {
      "version": "7.3.0",
      "resolved": "https://registry.npmjs.org/workbox-core/-/workbox-core-7.3.0.tgz",
      "integrity": "sha512-Z+mYrErfh4t3zi7NVTvOuACB0A/jA3bgxUN3PwtAVHvfEsZxV9Iju580VEETug3zYJRc0Dmii/aixI/Uxj8fmw==",
      "license": "MIT"
    }
  }
}
